{
  "version": 4,
  "terraform_version": "1.0.1",
  "serial": 46,
  "lineage": "5853c1d9-2999-15c0-6b7f-7e7c5866838e",
  "outputs": {},
  "resources": [
    {
      "mode": "data",
      "type": "aws_iam_policy_document",
      "name": "cloudwatch_log_group_access_document",
      "provider": "provider[\"registry.terraform.io/hashicorp/aws\"]",
      "instances": [
        {
          "schema_version": 0,
          "attributes": {
            "id": "1951873016",
            "json": "{\n  \"Version\": \"2012-10-17\",\n  \"Statement\": [\n    {\n      \"Sid\": \"\",\n      \"Effect\": \"Allow\",\n      \"Action\": [\n        \"logs:PutLogEvents\",\n        \"logs:CreateLogStream\",\n        \"logs:CreateLogGroup\"\n      ],\n      \"Resource\": \"arn:aws:logs:::*\"\n    }\n  ]\n}",
            "override_json": null,
            "override_policy_documents": null,
            "policy_id": null,
            "source_json": null,
            "source_policy_documents": null,
            "statement": [
              {
                "actions": [
                  "logs:CreateLogGroup",
                  "logs:CreateLogStream",
                  "logs:PutLogEvents"
                ],
                "condition": [],
                "effect": "Allow",
                "not_actions": [],
                "not_principals": [],
                "not_resources": [],
                "principals": [],
                "resources": [
                  "arn:aws:logs:::*"
                ],
                "sid": ""
              }
            ],
            "version": "2012-10-17"
          },
          "sensitive_attributes": []
        }
      ]
    },
    {
      "mode": "managed",
      "type": "aws_api_gateway_deployment",
      "name": "java_lambda_deploy",
      "provider": "provider[\"registry.terraform.io/hashicorp/aws\"]",
      "instances": [
        {
          "schema_version": 0,
          "attributes": {
            "created_date": "2022-07-31T02:16:12Z",
            "description": "",
            "execution_arn": "arn:aws:execute-api:us-east-1:138163199818:q8vn5nsik1/terraform-lambda-java-stage",
            "id": "s85r2d",
            "invoke_url": "https://q8vn5nsik1.execute-api.us-east-1.amazonaws.com/terraform-lambda-java-stage",
            "rest_api_id": "q8vn5nsik1",
            "stage_description": null,
            "stage_name": "terraform-lambda-java-stage",
            "triggers": null,
            "variables": null
          },
          "sensitive_attributes": [],
          "private": "bnVsbA==",
          "dependencies": [
            "aws_api_gateway_integration.java_lambda_integration",
            "aws_api_gateway_method.java_lambda_method",
            "aws_api_gateway_resource.java_lambda_api_gateway",
            "aws_api_gateway_rest_api.java_lambda_api",
            "aws_cloudwatch_log_group.log_group",
            "aws_iam_role.iam_role_for_lambda",
            "aws_lambda_function.java_lambda_function"
          ]
        }
      ]
    },
    {
      "mode": "managed",
      "type": "aws_api_gateway_integration",
      "name": "java_lambda_integration",
      "provider": "provider[\"registry.terraform.io/hashicorp/aws\"]",
      "instances": [
        {
          "schema_version": 0,
          "attributes": {
            "cache_key_parameters": [],
            "cache_namespace": "b7yy6h",
            "connection_id": "",
            "connection_type": "INTERNET",
            "content_handling": "",
            "credentials": "",
            "http_method": "ANY",
            "id": "agi-q8vn5nsik1-b7yy6h-ANY",
            "integration_http_method": "POST",
            "passthrough_behavior": "WHEN_NO_MATCH",
            "request_parameters": {},
            "request_templates": {},
            "resource_id": "b7yy6h",
            "rest_api_id": "q8vn5nsik1",
            "timeout_milliseconds": 29000,
            "tls_config": [],
            "type": "AWS_PROXY",
            "uri": "arn:aws:apigateway:us-east-1:lambda:path/2015-03-31/functions/arn:aws:lambda:us-east-1:138163199818:function:java_lambda_function/invocations"
          },
          "sensitive_attributes": [],
          "private": "bnVsbA==",
          "dependencies": [
            "aws_api_gateway_method.java_lambda_method",
            "aws_api_gateway_resource.java_lambda_api_gateway",
            "aws_api_gateway_rest_api.java_lambda_api",
            "aws_cloudwatch_log_group.log_group",
            "aws_iam_role.iam_role_for_lambda",
            "aws_lambda_function.java_lambda_function"
          ]
        }
      ]
    },
    {
      "mode": "managed",
      "type": "aws_api_gateway_integration",
      "name": "java_lambda_integration_root",
      "provider": "provider[\"registry.terraform.io/hashicorp/aws\"]",
      "instances": [
        {
          "schema_version": 0,
          "attributes": {
            "cache_key_parameters": [],
            "cache_namespace": "pvew79ddj0",
            "connection_id": "",
            "connection_type": "INTERNET",
            "content_handling": "",
            "credentials": "",
            "http_method": "ANY",
            "id": "agi-q8vn5nsik1-pvew79ddj0-ANY",
            "integration_http_method": "POST",
            "passthrough_behavior": "WHEN_NO_MATCH",
            "request_parameters": {},
            "request_templates": {},
            "resource_id": "pvew79ddj0",
            "rest_api_id": "q8vn5nsik1",
            "timeout_milliseconds": 29000,
            "tls_config": [],
            "type": "AWS_PROXY",
            "uri": "arn:aws:apigateway:us-east-1:lambda:path/2015-03-31/functions/arn:aws:lambda:us-east-1:138163199818:function:java_lambda_function/invocations"
          },
          "sensitive_attributes": [],
          "private": "bnVsbA==",
          "dependencies": [
            "aws_cloudwatch_log_group.log_group",
            "aws_iam_role.iam_role_for_lambda",
            "aws_lambda_function.java_lambda_function",
            "aws_api_gateway_method.java_lambda_method_root",
            "aws_api_gateway_rest_api.java_lambda_api"
          ]
        }
      ]
    },
    {
      "mode": "managed",
      "type": "aws_api_gateway_method",
      "name": "java_lambda_method",
      "provider": "provider[\"registry.terraform.io/hashicorp/aws\"]",
      "instances": [
        {
          "schema_version": 0,
          "attributes": {
            "api_key_required": false,
            "authorization": "NONE",
            "authorization_scopes": [],
            "authorizer_id": "",
            "http_method": "ANY",
            "id": "agm-q8vn5nsik1-b7yy6h-ANY",
            "operation_name": "",
            "request_models": {},
            "request_parameters": {},
            "request_validator_id": "",
            "resource_id": "b7yy6h",
            "rest_api_id": "q8vn5nsik1"
          },
          "sensitive_attributes": [],
          "private": "bnVsbA==",
          "dependencies": [
            "aws_api_gateway_resource.java_lambda_api_gateway",
            "aws_api_gateway_rest_api.java_lambda_api"
          ]
        }
      ]
    },
    {
      "mode": "managed",
      "type": "aws_api_gateway_method",
      "name": "java_lambda_method_root",
      "provider": "provider[\"registry.terraform.io/hashicorp/aws\"]",
      "instances": [
        {
          "schema_version": 0,
          "attributes": {
            "api_key_required": false,
            "authorization": "NONE",
            "authorization_scopes": [],
            "authorizer_id": "",
            "http_method": "ANY",
            "id": "agm-q8vn5nsik1-pvew79ddj0-ANY",
            "operation_name": "",
            "request_models": {},
            "request_parameters": {},
            "request_validator_id": "",
            "resource_id": "pvew79ddj0",
            "rest_api_id": "q8vn5nsik1"
          },
          "sensitive_attributes": [],
          "private": "bnVsbA==",
          "dependencies": [
            "aws_api_gateway_rest_api.java_lambda_api"
          ]
        }
      ]
    },
    {
      "mode": "managed",
      "type": "aws_api_gateway_resource",
      "name": "java_lambda_api_gateway",
      "provider": "provider[\"registry.terraform.io/hashicorp/aws\"]",
      "instances": [
        {
          "schema_version": 0,
          "attributes": {
            "id": "b7yy6h",
            "parent_id": "pvew79ddj0",
            "path": "/{proxy+}",
            "path_part": "{proxy+}",
            "rest_api_id": "q8vn5nsik1"
          },
          "sensitive_attributes": [],
          "private": "bnVsbA==",
          "dependencies": [
            "aws_api_gateway_rest_api.java_lambda_api"
          ]
        }
      ]
    },
    {
      "mode": "managed",
      "type": "aws_api_gateway_rest_api",
      "name": "java_lambda_api",
      "provider": "provider[\"registry.terraform.io/hashicorp/aws\"]",
      "instances": [
        {
          "schema_version": 0,
          "attributes": {
            "api_key_source": "HEADER",
            "arn": "arn:aws:apigateway:us-east-1::/restapis/q8vn5nsik1",
            "binary_media_types": [],
            "body": null,
            "created_date": "2022-07-31T02:15:55Z",
            "description": "Java Lambda on Terrraform",
            "disable_execute_api_endpoint": false,
            "endpoint_configuration": [
              {
                "types": [
                  "EDGE"
                ],
                "vpc_endpoint_ids": []
              }
            ],
            "execution_arn": "arn:aws:execute-api:us-east-1:138163199818:q8vn5nsik1",
            "id": "q8vn5nsik1",
            "minimum_compression_size": -1,
            "name": "java_lambda_api",
            "parameters": null,
            "policy": "",
            "root_resource_id": "pvew79ddj0",
            "tags": {},
            "tags_all": {}
          },
          "sensitive_attributes": [],
          "private": "bnVsbA=="
        }
      ]
    },
    {
      "mode": "managed",
      "type": "aws_cloudwatch_log_group",
      "name": "log_group",
      "provider": "provider[\"registry.terraform.io/hashicorp/aws\"]",
      "instances": [
        {
          "schema_version": 0,
          "attributes": {
            "arn": "arn:aws:logs:us-east-1:138163199818:log-group:/aws/lambda/java_lambda_function",
            "id": "/aws/lambda/java_lambda_function",
            "kms_key_id": "",
            "name": "/aws/lambda/java_lambda_function",
            "name_prefix": null,
            "retention_in_days": 0,
            "tags": {},
            "tags_all": {}
          },
          "sensitive_attributes": [],
          "private": "bnVsbA=="
        }
      ]
    },
    {
      "mode": "managed",
      "type": "aws_dynamodb_table",
      "name": "cms-data-table",
      "provider": "provider[\"registry.terraform.io/hashicorp/aws\"]",
      "instances": [
        {
          "schema_version": 1,
          "attributes": {
            "arn": "arn:aws:dynamodb:us-east-1:138163199818:table/cms-data-table",
            "attribute": [
              {
                "name": "recordId",
                "type": "S"
              }
            ],
            "billing_mode": "PAY_PER_REQUEST",
            "global_secondary_index": [],
            "hash_key": "recordId",
            "id": "cms-data-table",
            "local_secondary_index": [],
            "name": "cms-data-table",
            "point_in_time_recovery": [
              {
                "enabled": false
              }
            ],
            "range_key": null,
            "read_capacity": 0,
            "replica": [],
            "restore_date_time": null,
            "restore_source_name": null,
            "restore_to_latest_time": null,
            "server_side_encryption": [],
            "stream_arn": "",
            "stream_enabled": false,
            "stream_label": "",
            "stream_view_type": "",
            "table_class": "",
            "tags": {
              "environment": "test"
            },
            "tags_all": {
              "environment": "test"
            },
            "timeouts": null,
            "ttl": [
              {
                "attribute_name": "",
                "enabled": false
              }
            ],
            "write_capacity": 0
          },
          "sensitive_attributes": [],
          "private": "eyJlMmJmYjczMC1lY2FhLTExZTYtOGY4OC0zNDM2M2JjN2M0YzAiOnsiY3JlYXRlIjoxODAwMDAwMDAwMDAwLCJkZWxldGUiOjYwMDAwMDAwMDAwMCwidXBkYXRlIjozNjAwMDAwMDAwMDAwfSwic2NoZW1hX3ZlcnNpb24iOiIxIn0="
        }
      ]
    },
    {
      "mode": "managed",
      "type": "aws_iam_policy",
      "name": "iam_policy_for_lambda",
      "provider": "provider[\"registry.terraform.io/hashicorp/aws\"]",
      "instances": [
        {
          "schema_version": 0,
          "attributes": {
            "arn": "arn:aws:iam::138163199818:policy/lambda-invoke-policy",
            "description": "",
            "id": "arn:aws:iam::138163199818:policy/lambda-invoke-policy",
            "name": "lambda-invoke-policy",
            "name_prefix": null,
            "path": "/",
            "policy": "{\"Statement\":[{\"Action\":[\"cloudwatch:PutMetricData\",\"ec2:DescribeNetworkInterfaces\",\"ec2:CreateNetworkInterface\",\"ec2:DeleteNetworkInterface\",\"logs:CreateLogStream\",\"logs:PutLogEvents\",\"xray:PutTelemetryRecords\",\"xray:PutTraceSegments\",\"dynamodb:*\"],\"Effect\":\"Allow\",\"Resource\":\"*\",\"Sid\":\"LambdaPolicy\"}],\"Version\":\"2012-10-17\"}",
            "policy_id": "ANPASAKZLD5FEMUMNXLBX",
            "tags": {},
            "tags_all": {}
          },
          "sensitive_attributes": [],
          "private": "bnVsbA=="
        }
      ]
    },
    {
      "mode": "managed",
      "type": "aws_iam_role",
      "name": "iam_role_for_lambda",
      "provider": "provider[\"registry.terraform.io/hashicorp/aws\"]",
      "instances": [
        {
          "schema_version": 0,
          "attributes": {
            "arn": "arn:aws:iam::138163199818:role/lambda-invoke-role",
            "assume_role_policy": "{\"Statement\":[{\"Action\":\"sts:AssumeRole\",\"Effect\":\"Allow\",\"Principal\":{\"Service\":\"lambda.amazonaws.com\"},\"Sid\":\"\"}],\"Version\":\"2012-10-17\"}",
            "create_date": "2022-07-31T02:15:55Z",
            "description": "",
            "force_detach_policies": false,
            "id": "lambda-invoke-role",
            "inline_policy": [],
            "managed_policy_arns": [
              "arn:aws:iam::138163199818:policy/lambda-invoke-policy"
            ],
            "max_session_duration": 3600,
            "name": "lambda-invoke-role",
            "name_prefix": "",
            "path": "/",
            "permissions_boundary": null,
            "tags": {},
            "tags_all": {},
            "unique_id": "AROASAKZLD5FOWE55JTN2"
          },
          "sensitive_attributes": [],
          "private": "bnVsbA=="
        }
      ]
    },
    {
      "mode": "managed",
      "type": "aws_iam_role_policy_attachment",
      "name": "aws_iam_role_policy_attachment",
      "provider": "provider[\"registry.terraform.io/hashicorp/aws\"]",
      "instances": [
        {
          "schema_version": 0,
          "attributes": {
            "id": "lambda-invoke-role-20220731021556474100000001",
            "policy_arn": "arn:aws:iam::138163199818:policy/lambda-invoke-policy",
            "role": "lambda-invoke-role"
          },
          "sensitive_attributes": [],
          "private": "bnVsbA==",
          "dependencies": [
            "aws_iam_policy.iam_policy_for_lambda",
            "aws_iam_role.iam_role_for_lambda"
          ]
        }
      ]
    },
    {
      "mode": "managed",
      "type": "aws_lambda_function",
      "name": "java_lambda_function",
      "provider": "provider[\"registry.terraform.io/hashicorp/aws\"]",
      "instances": [
        {
          "schema_version": 0,
          "attributes": {
            "architectures": [
              "x86_64"
            ],
            "arn": "arn:aws:lambda:us-east-1:138163199818:function:java_lambda_function",
            "code_signing_config_arn": "",
            "dead_letter_config": [],
            "description": "",
            "environment": [],
            "ephemeral_storage": [
              {
                "size": 512
              }
            ],
            "file_system_config": [],
            "filename": "../cms-app/target/cms-app-1.0-SNAPSHOT.jar",
            "function_name": "java_lambda_function",
            "handler": "com.cms.app.LambdaMethodHandler",
            "id": "java_lambda_function",
            "image_config": [],
            "image_uri": "",
            "invoke_arn": "arn:aws:apigateway:us-east-1:lambda:path/2015-03-31/functions/arn:aws:lambda:us-east-1:138163199818:function:java_lambda_function/invocations",
            "kms_key_arn": "",
            "last_modified": "2022-07-31T02:16:12.903+0000",
            "layers": [],
            "memory_size": 256,
            "package_type": "Zip",
            "publish": false,
            "qualified_arn": "arn:aws:lambda:us-east-1:138163199818:function:java_lambda_function:$LATEST",
            "reserved_concurrent_executions": -1,
            "role": "arn:aws:iam::138163199818:role/lambda-invoke-role",
            "runtime": "java11",
            "s3_bucket": null,
            "s3_key": null,
            "s3_object_version": null,
            "signing_job_arn": "",
            "signing_profile_version_arn": "",
            "source_code_hash": "7LaQt+Y/3fx5AwAnmZjA/Abcmgnrb3VWe9EPxdRuA6Y=",
            "source_code_size": 9659698,
            "tags": {},
            "tags_all": {},
            "timeout": 30,
            "timeouts": null,
            "tracing_config": [
              {
                "mode": "PassThrough"
              }
            ],
            "version": "$LATEST",
            "vpc_config": []
          },
          "sensitive_attributes": [],
          "private": "eyJlMmJmYjczMC1lY2FhLTExZTYtOGY4OC0zNDM2M2JjN2M0YzAiOnsiY3JlYXRlIjo2MDAwMDAwMDAwMDB9fQ==",
          "dependencies": [
            "aws_cloudwatch_log_group.log_group",
            "aws_iam_role.iam_role_for_lambda"
          ]
        }
      ]
    },
    {
      "mode": "managed",
      "type": "aws_lambda_permission",
      "name": "java_lambda_function",
      "provider": "provider[\"registry.terraform.io/hashicorp/aws\"]",
      "instances": [
        {
          "schema_version": 0,
          "attributes": {
            "action": "lambda:InvokeFunction",
            "event_source_token": null,
            "function_name": "java_lambda_function",
            "function_url_auth_type": null,
            "id": "AllowAPIGatewayInvoke",
            "principal": "apigateway.amazonaws.com",
            "principal_org_id": null,
            "qualifier": "",
            "source_account": null,
            "source_arn": "arn:aws:execute-api:us-east-1:138163199818:q8vn5nsik1/terraform-lambda-java-stage/*/*",
            "statement_id": "AllowAPIGatewayInvoke",
            "statement_id_prefix": ""
          },
          "sensitive_attributes": [],
          "private": "bnVsbA==",
          "dependencies": [
            "aws_api_gateway_method.java_lambda_method",
            "aws_api_gateway_resource.java_lambda_api_gateway",
            "aws_api_gateway_rest_api.java_lambda_api",
            "aws_cloudwatch_log_group.log_group",
            "aws_iam_role.iam_role_for_lambda",
            "aws_lambda_function.java_lambda_function",
            "aws_api_gateway_deployment.java_lambda_deploy",
            "aws_api_gateway_integration.java_lambda_integration"
          ]
        }
      ]
    }
  ]
}
